
Microsoft Visual Studio Solution File, Format Version 11.00
# Visual Studio 2010
Project("{FAE04EC0-301F-11D3-BF4B-00C04F79EFBC}") = "Assembly-CSharp-firstpass", "Assembly-CSharp-firstpass.csproj", "{1298E4EC-FF76-4843-50F0-7C7BD0286553}"
EndProject
Project("{FAE04EC0-301F-11D3-BF4B-00C04F79EFBC}") = "Assembly-CSharp", "Assembly-CSharp.csproj", "{57087160-D23F-EE59-1519-4CF9A7DC6092}"
EndProject
Project("{FAE04EC0-301F-11D3-BF4B-00C04F79EFBC}") = "Assembly-CSharp-Editor-firstpass", "Assembly-CSharp-Editor-firstpass.csproj", "{801BB0E2-02E3-1B26-4237-D664CB9B4043}"
EndProject
Global
	GlobalSection(SolutionConfigurationPlatforms) = preSolution
		Debug|Any CPU = Debug|Any CPU
		Release|Any CPU = Release|Any CPU
	EndGlobalSection
	GlobalSection(ProjectConfigurationPlatforms) = postSolution
		{1298E4EC-FF76-4843-50F0-7C7BD0286553}.Debug|Any CPU.ActiveCfg = Debug|Any CPU
		{1298E4EC-FF76-4843-50F0-7C7BD0286553}.Debug|Any CPU.Build.0 = Debug|Any CPU
		{1298E4EC-FF76-4843-50F0-7C7BD0286553}.Release|Any CPU.ActiveCfg = Release|Any CPU
		{1298E4EC-FF76-4843-50F0-7C7BD0286553}.Release|Any CPU.Build.0 = Release|Any CPU
		{57087160-D23F-EE59-1519-4CF9A7DC6092}.Debug|Any CPU.ActiveCfg = Debug|Any CPU
		{57087160-D23F-EE59-1519-4CF9A7DC6092}.Debug|Any CPU.Build.0 = Debug|Any CPU
		{57087160-D23F-EE59-1519-4CF9A7DC6092}.Release|Any CPU.ActiveCfg = Release|Any CPU
		{57087160-D23F-EE59-1519-4CF9A7DC6092}.Release|Any CPU.Build.0 = Release|Any CPU
		{801BB0E2-02E3-1B26-4237-D664CB9B4043}.Debug|Any CPU.ActiveCfg = Debug|Any CPU
		{801BB0E2-02E3-1B26-4237-D664CB9B4043}.Debug|Any CPU.Build.0 = Debug|Any CPU
		{801BB0E2-02E3-1B26-4237-D664CB9B4043}.Release|Any CPU.ActiveCfg = Release|Any CPU
		{801BB0E2-02E3-1B26-4237-D664CB9B4043}.Release|Any CPU.Build.0 = Release|Any CPU
	EndGlobalSection
	GlobalSection(SolutionProperties) = preSolution
		HideSolutionNode = FALSE
	EndGlobalSection
	GlobalSection(MonoDevelopProperties) = preSolution
		StartupItem = Assembly-CSharp.csproj
	EndGlobalSection
EndGlobal
